Microsoft Visual Studio Solution File, Format Version 12.00
# Visual Studio Version 17
VisualStudioVersion = 17.13.35919.96
MinimumVisualStudioVersion = 10.0.40219.1
Project("{FAE04EC0-301F-11D3-BF4B-00C04F79EFBC}") = "Zoo", "Zoo\Zoo.csproj", "{C6A3BA47-B388-4C73-861D-2E9561AF4469}"
EndProject
Project("{FAE04EC0-301F-11D3-BF4B-00C04F79EFBC}") = "ZooNUnitTesting", "ZooNUnitTesting\ZooNUnitTesting.csproj", "{B1D48AD4-C72A-4B63-8453-8051B2D31EFC}"
EndProject
Global
	GlobalSection(SolutionConfigurationPlatforms) = preSolution
		Debug|Any CPU = Debug|Any CPU
		Release|Any CPU = Release|Any CPU
	EndGlobalSection
	GlobalSection(ProjectConfigurationPlatforms) = postSolution
		{C6A3BA47-B388-4C73-861D-2E9561AF4469}.Debug|Any CPU.ActiveCfg = Debug|Any CPU
		{C6A3BA47-B388-4C73-861D-2E9561AF4469}.Debug|Any CPU.Build.0 = Debug|Any CPU
		{C6A3BA47-B388-4C73-861D-2E9561AF4469}.Release|Any CPU.ActiveCfg = Release|Any CPU
		{C6A3BA47-B388-4C73-861D-2E9561AF4469}.Release|Any CPU.Build.0 = Release|Any CPU
		{B1D48AD4-C72A-4B63-8453-8051B2D31EFC}.Debug|Any CPU.ActiveCfg = Debug|Any CPU
		{B1D48AD4-C72A-4B63-8453-8051B2D31EFC}.Debug|Any CPU.Build.0 = Debug|Any CPU
		{B1D48AD4-C72A-4B63-8453-8051B2D31EFC}.Release|Any CPU.ActiveCfg = Release|Any CPU
		{B1D48AD4-C72A-4B63-8453-8051B2D31EFC}.Release|Any CPU.Build.0 = Release|Any CPU
	EndGlobalSection
	GlobalSection(SolutionProperties) = preSolution
		HideSolutionNode = FALSE
	EndGlobalSection
	GlobalSection(ExtensibilityGlobals) = postSolution
		SolutionGuid = {3261DD66-C65B-44AF-8FF6-F53858B3E879}
	EndGlobalSection
EndGlobal
